Microsoft Visual Studio Solution File, Format Version 12.00
# Visual Studio Version 17
VisualStudioVersion = 17.0.31903.59
MinimumVisualStudioVersion = 10.0.40219.1
Project("{8C5CA5DD-4791-4252-89A9-A3DCFD6F9FB8}") = "Project_1e2d187c742146dbbe83f3bd9debdfe6_20250601200320387593", "Project_1e2d187c742146dbbe83f3bd9debdfe6_20250601200320387593.csproj", "{8C5CA5DD-4791-4252-89A9-A3DCFD6F9FB8}"
EndProject
Global
    GlobalSection(SolutionConfigurationPlatforms) = preSolution
        Debug|Any CPU = Debug|Any CPU
        Release|Any CPU = Release|Any CPU
    EndGlobalSection
    GlobalSection(ProjectConfigurationPlatforms) = postSolution
        {8C5CA5DD-4791-4252-89A9-A3DCFD6F9FB8}.Debug|Any CPU.ActiveCfg = Debug|Any CPU
        {8C5CA5DD-4791-4252-89A9-A3DCFD6F9FB8}.Debug|Any CPU.Build.0 = Debug|Any CPU
        {8C5CA5DD-4791-4252-89A9-A3DCFD6F9FB8}.Release|Any CPU.ActiveCfg = Release|Any CPU
        {8C5CA5DD-4791-4252-89A9-A3DCFD6F9FB8}.Release|Any CPU.Build.0 = Release|Any CPU
    EndGlobalSection
EndGlobal